// !$*UTF8*$!
{
	archiveVersion = 1;
	classes = {
	};
	objectVersion = 46;
	objects = {

/* Begin PBXBuildFile section */
		3FB334F91F6A06200021D50B /* AppDelegate.swift in Sources */ = {isa = PBXBuildFile; fileRef = 3FB334F81F6A06200021D50B /* AppDelegate.swift */; };
		3FB334FB1F6A06200021D50B /* ViewController.swift in Sources */ = {isa = PBXBuildFile; fileRef = 3FB334FA1F6A06200021D50B /* ViewController.swift */; };
		3FB334FE1F6A06200021D50B /* Main.storyboard in Resources */ = {isa = PBXBuildFile; fileRef = 3FB334FC1F6A06200021D50B /* Main.storyboard */; };
		3FB335001F6A06200021D50B /* Assets.xcassets in Resources */ = {isa = PBXBuildFile; fileRef = 3FB334FF1F6A06200021D50B /* Assets.xcassets */; };
		3FB335031F6A06200021D50B /* LaunchScreen.storyboard in Resources */ = {isa = PBXBuildFile; fileRef = 3FB335011F6A06200021D50B /* LaunchScreen.storyboard */; };
/* End PBXBuildFile section */

/* Begin PBXFileReference section */
		3FB334F51F6A06200021D50B /* MAPD714-Basic-User-Interactions.app */ = {isa = PBXFileReference; explicitFileType = wrapper.application; includeInIndex = 0; path = "MAPD714-Basic-User-Interactions.app"; sourceTree = BUILT_PRODUCTS_DIR; };
		3FB334F81F6A06200021D50B /* AppDelegate.swift */ = {isa = PBXFileReference; lastKnownFileType = sourcecode.swift; path = AppDelegate.swift; sourceTree = "<group>"; };
		3FB334FA1F6A06200021D50B /* ViewController.swift */ = {isa = PBXFileReference; lastKnownFileType = sourcecode.swift; path = ViewController.swift; sourceTree = "<group>"; };
		3FB334FD1F6A06200021D50B /* Base */ = {isa = PBXFileReference; lastKnownFileType = file.storyboard; name = Base; path = Base.lproj/Main.storyboard; sourceTree = "<group>"; };
		3FB334FF1F6A06200021D50B /* Assets.xcassets */ = {isa = PBXFileReference; lastKnownFileType = folder.assetcatalog; path = Assets.xcassets; sourceTree = "<group>"; };
		3FB335021F6A06200021D50B /* Base */ = {isa = PBXFileReference; lastKnownFileType = file.storyboard; name = Base; path = Base.lproj/LaunchScreen.storyboard; sourceTree = "<group>"; };
		3FB335041F6A06200021D50B /* Info.plist */ = {isa = PBXFileReference; lastKnownFileType = text.plist.xml; path = Info.plist; sourceTree = "<group>"; };
/* End PBXFileReference section */

/* Begin PBXFrameworksBuildPhase section */
		3FB334F21F6A06200021D50B /* Frameworks */ = {
			isa = PBXFrameworksBuildPhase;
			buildActionMask = 2147483647;
			files = (
			);
			runOnlyForDeploymentPostprocessing = 0;
		};
/* End PBXFrameworksBuildPhase section */

/* Begin PBXGroup section */
		3FB334EC1F6A06200021D50B = {
			isa = PBXGroup;
			children = (
				3FB334F71F6A06200021D50B /* MAPD714-Basic-User-Interactions */,
				3FB334F61F6A06200021D50B /* Products */,
			);
			sourceTree = "<group>";
		};
		3FB334F61F6A06200021D50B /* Products */ = {
			isa = PBXGroup;
			children = (
				3FB334F51F6A06200021D50B /* MAPD714-Basic-User-Interactions.app */,
			);
			name = Products;
			sourceTree = "<group>";
		};
		3FB334F71F6A06200021D50B /* MAPD714-Basic-User-Interactions */ = {
			isa = PBXGroup;
			children = (
				3FB334F81F6A06200021D50B /* AppDelegate.swift */,
				3FB334FA1F6A06200021D50B /* ViewController.swift */,
				3FB334FC1F6A06200021D50B /* Main.storyboard */,
				3FB334FF1F6A06200021D50B /* Assets.xcassets */,
				3FB335011F6A06200021D50B /* LaunchScreen.storyboard */,
				3FB335041F6A06200021D50B /* Info.plist */,
			);
			path = "MAPD714-Basic-User-Interactions";
			sourceTree = "<group>";
		};
/* End PBXGroup section */

/* Begin PBXNativeTarget section */
		3FB334F41F6A06200021D50B /* MAPD714-Basic-User-Interactions */ = {
			isa = PBXNativeTarget;
			buildConfigurationList = 3FB335071F6A06200021D50B /* Build configuration list for PBXNativeTarget "MAPD714-Basic-User-Interactions" */;
			buildPhases = (
				3FB334F11F6A06200021D50B /* Sources */,
				3FB334F21F6A06200021D50B /* Frameworks */,
				3FB334F31F6A06200021D50B /* Resources */,
			);
			buildRules = (
			);
			dependencies = (
			);
			name = "MAPD714-Basic-User-Interactions";
			productName = "MAPD714-Basic-User-Interactions";
			productReference = 3FB334F51F6A06200021D50B /* MAPD714-Basic-User-Interactions.app */;
			productType = "com.apple.product-type.application";
		};
/* End PBXNativeTarget section */

/* Begin PBXProject section */
		3FB334ED1F6A06200021D50B /* Project object */ = {
			isa = PBXProject;
			attributes = {
				LastSwiftUpdateCheck = 0820;
				LastUpgradeCheck = 0820;
				ORGANIZATIONNAME = "Centennial College";
				TargetAttributes = {
					3FB334F41F6A06200021D50B = {
						CreatedOnToolsVersion = 8.2.1;
						DevelopmentTeam = 2BULHRS882;
						ProvisioningStyle = Automatic;
					};
				};
			};
			buildConfigurationList = 3FB334F01F6A06200021D50B /* Build configuration list for PBXProject "MAPD714-Basic-User-Interactions" */;
			compatibilityVersion = "Xcode 3.2";
			developmentRegion = English;
			hasScannedForEncodings = 0;
			knownRegions = (
				en,
				Base,
			);
			mainGroup = 3FB334EC1F6A06200021D50B;
			productRefGroup = 3FB334F61F6A06200021D50B /* Products */;
			projectDirPath = "";
			projectRoot = "";
			targets = (
				3FB334F41F6A06200021D50B /* MAPD714-Basic-User-Interactions */,
			);
		};
/* End PBXProject section */

/* Begin PBXResourcesBuildPhase section */
		3FB334F31F6A06200021D50B /* Resources */ = {
			isa = PBXResourcesBuildPhase;
			buildActionMask = 2147483647;
			files = (
				3FB335031F6A06200021D50B /* LaunchScreen.storyboard in Resources */,
				3FB335001F6A06200021D50B /* Assets.xcassets in Resources */,
				3FB334FE1F6A06200021D50B /* Main.storyboard in Resources */,
			);
			runOnlyForDeploymentPostprocessing = 0;
		};
/* End PBXResourcesBuildPhase section */

/* Begin PBXSourcesBuildPhase section */
		3FB334F11F6A06200021D50B /* Sources */ = {
			isa = PBXSourcesBuildPhase;
			buildActionMask = 2147483647;
			files = (
				3FB334FB1F6A06200021D50B /* ViewController.swift in Sources */,
				3FB334F91F6A06200021D50B /* AppDelegate.swift in Sources */,
			);
			runOnlyForDeploymentPostprocessing = 0;
		};
/* End PBXSourcesBuildPhase section */

/* Begin PBXVariantGroup section */
		3FB334FC1F6A06200021D50B /* Main.storyboard */ = {
			isa = PBXVariantGroup;
			children = (
				3FB334FD1F6A06200021D50B /* Base */,
			);
			name = Main.storyboard;
			sourceTree = "<group>";
		};
		3FB335011F6A06200021D50B /* LaunchScreen.storyboard */ = {
			isa = PBXVariantGroup;
			children = (
				3FB335021F6A06200021D50B /* Base */,
			);
			name = LaunchScreen.storyboard;
			sourceTree = "<group>";
		};
/* End PBXVariantGroup section */

/* Begin XCBuildConfiguration section */
		3FB335051F6A06200021D50B /* Debug */ = {
			isa = XCBuildConfiguration;
			buildSettings = {
				ALWAYS_SEARCH_USER_PATHS = NO;
				CLANG_ANALYZER_NONNULL = YES;
				CLANG_CXX_LANGUAGE_STANDARD = "gnu++0x";
				CLANG_CXX_LIBRARY = "libc++";
				CLANG_ENABLE_MODULES = YES;
				CLANG_ENABLE_OBJC_ARC = YES;
				CLANG_WARN_BOOL_CONVERSION = YES;
				CLANG_WARN_CONSTANT_CONVERSION = YES;
				CLANG_WARN_DIRECT_OBJC_ISA_USAGE = YES_ERROR;
				CLANG_WARN_DOCUMENTATION_COMMENTS = YES;
				CLANG_WARN_EMPTY_BODY = YES;
				CLANG_WARN_ENUM_CONVERSION = YES;
				CLANG_WARN_INFINITE_RECURSION = YES;
				CLANG_WARN_INT_CONVERSION = YES;
				CLANG_WARN_OBJC_ROOT_CLASS = YES_ERROR;
				CLANG_WARN_SUSPICIOUS_MOVE = YES;
				CLANG_WARN_UNREACHABLE_CODE = YES;
				CLANG_WARN__DUPLICATE_METHOD_MATCH = YES;
				"CODE_SIGN_IDENTITY[sdk=iphoneos*]" = "iPhone Developer";
				COPY_PHASE_STRIP = NO;
				DEBUG_INFORMATION_FORMAT = dwarf;
				ENABLE_STRICT_OBJC_MSGSEND = YES;
				ENABLE_TESTABILITY = YES;
				GCC_C_LANGUAGE_STANDARD = gnu99;
				GCC_DYNAMIC_NO_PIC = NO;
				GCC_NO_COMMON_BLOCKS = YES;
				GCC_OPTIMIZATION_LEVEL = 0;
				GCC_PREPROCESSOR_DEFINITIONS = (
					"DEBUG=1",
					"$(inherited)",
				);
				GCC_WARN_64_TO_32_BIT_CONVERSION = YES;
				GCC_WARN_ABOUT_RETURN_TYPE = YES_ERROR;
				GCC_WARN_UNDECLARED_SELECTOR = YES;
				GCC_WARN_UNINITIALIZED_AUTOS = YES_AGGRESSIVE;
				GCC_WARN_UNUSED_FUNCTION = YES;
				GCC_WARN_UNUSED_VARIABLE = YES;
				IPHONEOS_DEPLOYMENT_TARGET = 10.2;
				MTL_ENABLE_DEBUG_INFO = YES;
				ONLY_ACTIVE_ARCH = YES;
				SDKROOT = iphoneos;
				SWIFT_ACTIVE_COMPILATION_CONDITIONS = DEBUG;
				SWIFT_OPTIMIZATION_LEVEL = "-Onone";
			};
			name = Debug;
		};
		3FB335061F6A06200021D50B /* Release */ = {
			isa = XCBuildConfiguration;
			buildSettings = {
				ALWAYS_SEARCH_USER_PATHS = NO;
				CLANG_ANALYZER_NONNULL = YES;
				CLANG_CXX_LANGUAGE_STANDARD = "gnu++0x";
				CLANG_CXX_LIBRARY = "libc++";
				CLANG_ENABLE_MODULES = YES;
				CLANG_ENABLE_OBJC_ARC = YES;
				CLANG_WARN_BOOL_CONVERSION = YES;
				CLANG_WARN_CONSTANT_CONVERSION = YES;
				CLANG_WARN_DIRECT_OBJC_ISA_USAGE = YES_ERROR;
				CLANG_WARN_DOCUMENTATION_COMMENTS = YES;
				CLANG_WARN_EMPTY_BODY = YES;
				CLANG_WARN_ENUM_CONVERSION = YES;
				CLANG_WARN_INFINITE_RECURSION = YES;
				CLANG_WARN_INT_CONVERSION = YES;
				CLANG_WARN_OBJC_ROOT_CLASS = YES_ERROR;
				CLANG_WARN_SUSPICIOUS_MOVE = YES;
				CLANG_WARN_UNREACHABLE_CODE = YES;
				CLANG_WARN__DUPLICATE_METHOD_MATCH = YES;
				"CODE_SIGN_IDENTITY[sdk=iphoneos*]" = "iPhone Developer";
				COPY_PHASE_STRIP = NO;
				DEBUG_INFORMATION_FORMAT = "dwarf-with-dsym";
				ENABLE_NS_ASSERTIONS = NO;
				ENABLE_STRICT_OBJC_MSGSEND = YES;
				GCC_C_LANGUAGE_STANDARD = gnu99;
				GCC_NO_COMMON_BLOCKS = YES;
				GCC_WARN_64_TO_32_BIT_CONVERSION = YES;
				GCC_WARN_ABOUT_RETURN_TYPE = YES_ERROR;
				GCC_WARN_UNDECLARED_SELECTOR = YES;
				GCC_WARN_UNINITIALIZED_AUTOS = YES_AGGRESSIVE;
				GCC_WARN_UNUSED_FUNCTION = YES;
				GCC_WARN_UNUSED_VARIABLE = YES;
				IPHONEOS_DEPLOYMENT_TARGET = 10.2;
				MTL_ENABLE_DEBUG_INFO = NO;
				SDKROOT = iphoneos;
				SWIFT_OPTIMIZATION_LEVEL = "-Owholemodule";
				VALIDATE_PRODUCT = YES;
			};
			name = Release;
		};
		3FB335081F6A06200021D50B /* Debug */ = {
			isa = XCBuildConfiguration;
			buildSettings = {
				ASSETCATALOG_COMPILER_APPICON_NAME = AppIcon;
				DEVELOPMENT_TEAM = 2BULHRS882;
				INFOPLIST_FILE = "MAPD714-Basic-User-Interactions/Info.plist";
				LD_RUNPATH_SEARCH_PATHS = "$(inherited) @executable_path/Frameworks";
				PRODUCT_BUNDLE_IDENTIFIER = "ca.centennialcollege.MAPD714-Basic-User-Interactions";
				PRODUCT_NAME = "$(TARGET_NAME)";
				SWIFT_VERSION = 3.0;
			};
			name = Debug;
		};
		3FB335091F6A06200021D50B /* Release */ = {
			isa = XCBuildConfiguration;
			buildSettings = {
				ASSETCATALOG_COMPILER_APPICON_NAME = AppIcon;
				DEVELOPMENT_TEAM = 2BULHRS882;
				INFOPLIST_FILE = "MAPD714-Basic-User-Interactions/Info.plist";
				LD_RUNPATH_SEARCH_PATHS = "$(inherited) @executable_path/Frameworks";
				PRODUCT_BUNDLE_IDENTIFIER = "ca.centennialcollege.MAPD714-Basic-User-Interactions";
				PRODUCT_NAME = "$(TARGET_NAME)";
				SWIFT_VERSION = 3.0;
			};
			name = Release;
		};
/* End XCBuildConfiguration section */

/* Begin XCConfigurationList section */
		3FB334F01F6A06200021D50B /* Build configuration list for PBXProject "MAPD714-Basic-User-Interactions" */ = {
			isa = XCConfigurationList;
			buildConfigurations = (
				3FB335051F6A06200021D50B /* Debug */,
				3FB335061F6A06200021D50B /* Release */,
			);
			defaultConfigurationIsVisible = 0;
			defaultConfigurationName = Release;
		};
		3FB335071F6A06200021D50B /* Build configuration list for PBXNativeTarget "MAPD714-Basic-User-Interactions" */ = {
			isa = XCConfigurationList;
			buildConfigurations = (
				3FB335081F6A06200021D50B /* Debug */,
				3FB335091F6A06200021D50B /* Release */,
			);
			defaultConfigurationIsVisible = 0;
		};
/* End XCConfigurationList section */
	};
	rootObject = 3FB334ED1F6A06200021D50B /* Project object */;
}
